
Microsoft Visual Studio Solution File, Format Version 12.00
# Visual Studio 15
VisualStudioVersion = 15.0.27428.2037
MinimumVisualStudioVersion = 10.0.40219.1
Project("{FAE04EC0-301F-11D3-BF4B-00C04F79EFBC}") = "Block_School_BroadCast", "Block_School_BroadCast\Block_School_BroadCast.csproj", "{0E5EA8E5-BA25-433A-B9EE-AE62BFB4814D}"
EndProject
Global
	GlobalSection(SolutionConfigurationPlatforms) = preSolution
		Debug|Any CPU = Debug|Any CPU
		Release|Any CPU = Release|Any CPU
	EndGlobalSection
	GlobalSection(ProjectConfigurationPlatforms) = postSolution
		{0E5EA8E5-BA25-433A-B9EE-AE62BFB4814D}.Debug|Any CPU.ActiveCfg = Debug|Any CPU
		{0E5EA8E5-BA25-433A-B9EE-AE62BFB4814D}.Debug|Any CPU.Build.0 = Debug|Any CPU
		{0E5EA8E5-BA25-433A-B9EE-AE62BFB4814D}.Release|Any CPU.ActiveCfg = Release|Any CPU
		{0E5EA8E5-BA25-433A-B9EE-AE62BFB4814D}.Release|Any CPU.Build.0 = Release|Any CPU
	EndGlobalSection
	GlobalSection(SolutionProperties) = preSolution
		HideSolutionNode = FALSE
	EndGlobalSection
	GlobalSection(ExtensibilityGlobals) = postSolution
		SolutionGuid = {BD2D7138-BC28-452F-ACDF-6F108C6F481D}
	EndGlobalSection
EndGlobal
